
Microsoft Visual Studio Solution File, Format Version 12.00
# Visual Studio 2013
VisualStudioVersion = 12.0.31101.0
MinimumVisualStudioVersion = 10.0.40219.1
Project("{FAE04EC0-301F-11D3-BF4B-00C04F79EFBC}") = "WebAppNoSql.Web", "WebAppNoSql.Web\WebAppNoSql.Web.csproj", "{0FC39334-A35A-4723-BE8C-66F4EBB8C116}"
EndProject
Project("{FAE04EC0-301F-11D3-BF4B-00C04F79EFBC}") = "WebAppNoSql.Web.Tests", "WebAppNoSql.Web.Tests\WebAppNoSql.Web.Tests.csproj", "{B5DDB77B-A4D2-46A2-AD1C-1DF5CCA34148}"
EndProject
Project("{FAE04EC0-301F-11D3-BF4B-00C04F79EFBC}") = "WebAppNoSql.Repo", "WebAppNoSql.Repo\WebAppNoSql.Repo.csproj", "{D7E3E1D5-25E1-479F-AD2B-4C0E6F601303}"
EndProject
Project("{FAE04EC0-301F-11D3-BF4B-00C04F79EFBC}") = "WebAppNoSql.Domain", "WebAppNoSql.Domain\WebAppNoSql.Domain.csproj", "{CA57612C-CCFF-4370-B29C-598815FB7E7A}"
EndProject
Global
	GlobalSection(SolutionConfigurationPlatforms) = preSolution
		Debug|Any CPU = Debug|Any CPU
		Release|Any CPU = Release|Any CPU
	EndGlobalSection
	GlobalSection(ProjectConfigurationPlatforms) = postSolution
		{0FC39334-A35A-4723-BE8C-66F4EBB8C116}.Debug|Any CPU.ActiveCfg = Debug|Any CPU
		{0FC39334-A35A-4723-BE8C-66F4EBB8C116}.Debug|Any CPU.Build.0 = Debug|Any CPU
		{0FC39334-A35A-4723-BE8C-66F4EBB8C116}.Release|Any CPU.ActiveCfg = Release|Any CPU
		{0FC39334-A35A-4723-BE8C-66F4EBB8C116}.Release|Any CPU.Build.0 = Release|Any CPU
		{B5DDB77B-A4D2-46A2-AD1C-1DF5CCA34148}.Debug|Any CPU.ActiveCfg = Debug|Any CPU
		{B5DDB77B-A4D2-46A2-AD1C-1DF5CCA34148}.Debug|Any CPU.Build.0 = Debug|Any CPU
		{B5DDB77B-A4D2-46A2-AD1C-1DF5CCA34148}.Release|Any CPU.ActiveCfg = Release|Any CPU
		{B5DDB77B-A4D2-46A2-AD1C-1DF5CCA34148}.Release|Any CPU.Build.0 = Release|Any CPU
		{D7E3E1D5-25E1-479F-AD2B-4C0E6F601303}.Debug|Any CPU.ActiveCfg = Debug|Any CPU
		{D7E3E1D5-25E1-479F-AD2B-4C0E6F601303}.Debug|Any CPU.Build.0 = Debug|Any CPU
		{D7E3E1D5-25E1-479F-AD2B-4C0E6F601303}.Release|Any CPU.ActiveCfg = Release|Any CPU
		{D7E3E1D5-25E1-479F-AD2B-4C0E6F601303}.Release|Any CPU.Build.0 = Release|Any CPU
		{CA57612C-CCFF-4370-B29C-598815FB7E7A}.Debug|Any CPU.ActiveCfg = Debug|Any CPU
		{CA57612C-CCFF-4370-B29C-598815FB7E7A}.Debug|Any CPU.Build.0 = Debug|Any CPU
		{CA57612C-CCFF-4370-B29C-598815FB7E7A}.Release|Any CPU.ActiveCfg = Release|Any CPU
		{CA57612C-CCFF-4370-B29C-598815FB7E7A}.Release|Any CPU.Build.0 = Release|Any CPU
	EndGlobalSection
	GlobalSection(SolutionProperties) = preSolution
		HideSolutionNode = FALSE
	EndGlobalSection
EndGlobal
